{"1.2.0",
[{<<"elvis_core">>,{pkg,<<"elvis_core">>,<<"4.0.0">>},0},
 {<<"katana_code">>,{pkg,<<"katana_code">>,<<"2.1.1">>},1},
 {<<"zipper">>,{pkg,<<"zipper">>,<<"1.1.0">>},1}]}.
[
{pkg_hash,[
 {<<"elvis_core">>, <<"6042482D14EDEA5766ADF50E549F2D809ED6B0C6CCBA1D88BB00D00B1EA7BB89">>},
 {<<"katana_code">>, <<"9AC515E6B5AE4903CD7B6C9161ABFBA49B610B6F3E19E8F0542802A4316C2405">>},
 {<<"zipper">>, <<"FA775C01BCD33225BE89AF320C10CE61D23943109F4D5CA718551D0C492D7E35">>}]},
{pkg_hash_ext,[
 {<<"elvis_core">>, <<"FA2EE30F2464466D3599FB1FCFAA615C89959FC5019A45619EF7ADB7ED420BE5">>},
 {<<"katana_code">>, <<"0680F33525B9A882E6F4D3022518B15C46F648BD7B0DBE86900980FE1C291404">>},
 {<<"zipper">>, <<"4644C83AE83EF3C09860CB5ED597B0C759FBBCD64AD5B00A62F51AE48AEF7535">>}]}
].
