[{<<"aleppo">>,{pkg,<<"inaka_aleppo">>,<<"1.0.0">>},2},
 {<<"elvis">>,
  {git,"https://github.com/inaka/elvis_core.git",
       {ref,"a6d585209613bcc4bb20b8d07bd04192e8ef3991"}},
  0},
 {<<"goldrush">>,{pkg,<<"goldrush">>,<<"0.1.8">>},0},
 {<<"katana_code">>,{pkg,<<"katana_code">>,<<"0.1.0">>},1},
 {<<"lager">>,{pkg,<<"lager">>,<<"3.0.2">>},1},
 {<<"zipper">>,{pkg,<<"zipper">>,<<"1.0.0">>},1}].