{"1.1.0",
[{<<"elvis">>,{pkg,<<"elvis_core">>,<<"0.5.0">>},0},
 {<<"goldrush">>,{pkg,<<"goldrush">>,<<"0.1.9">>},0},
 {<<"katana_code">>,{pkg,<<"katana_code">>,<<"0.2.1">>},1},
 {<<"zipper">>,{pkg,<<"zipper">>,<<"1.0.1">>},1}]}.
[
{pkg_hash,[
 {<<"elvis">>, <<"7491F4E170B3D856276EC042BB250C6A5301B77D041B8CFA9D95E0B91E32BAAC">>},
 {<<"goldrush">>, <<"F06E5D5F1277DA5C413E84D5A2924174182FB108DABB39D5EC548B27424CD106">>},
 {<<"katana_code">>, <<"B2195859DF57D8BEBF619A9FD3327CD7D01563A98417156D0F4C5FAB435F2630">>},
 {<<"zipper">>, <<"3CCB4F14B97C06B2749B93D8B6C204A1ECB6FAFC6050CACC3B93B9870C05952A">>}]}
].
